
Microsoft Visual Studio Solution File, Format Version 12.00
# Visual Studio Version 17
VisualStudioVersion = 17.7.34024.191
MinimumVisualStudioVersion = 10.0.40219.1
Project("{9A19103F-16F7-4668-BE54-9A1E7A4F7556}") = "NoteBookApp", "C:\Users\Alex\source\repos\NoteBook\NoteBook\NoteBookApp.csproj", "{4BA30E4C-B703-47DD-8D8A-6F2D4469A44D}"
EndProject
Global
	GlobalSection(SolutionConfigurationPlatforms) = preSolution
		Debug|Any CPU = Debug|Any CPU
		Release|Any CPU = Release|Any CPU
	EndGlobalSection
	GlobalSection(ProjectConfigurationPlatforms) = postSolution
		{4BA30E4C-B703-47DD-8D8A-6F2D4469A44D}.Debug|Any CPU.ActiveCfg = Debug|Any CPU
		{4BA30E4C-B703-47DD-8D8A-6F2D4469A44D}.Debug|Any CPU.Build.0 = Debug|Any CPU
		{4BA30E4C-B703-47DD-8D8A-6F2D4469A44D}.Release|Any CPU.ActiveCfg = Release|Any CPU
		{4BA30E4C-B703-47DD-8D8A-6F2D4469A44D}.Release|Any CPU.Build.0 = Release|Any CPU
	EndGlobalSection
	GlobalSection(SolutionProperties) = preSolution
		HideSolutionNode = FALSE
	EndGlobalSection
	GlobalSection(ExtensibilityGlobals) = postSolution
		SolutionGuid = {1E0AFA1D-120E-419F-9CD4-1A0E8F4567DF}
	EndGlobalSection
EndGlobal
